
Microsoft Visual Studio Solution File, Format Version 12.00
# Visual Studio Version 16
VisualStudioVersion = 16.0.810.14
MinimumVisualStudioVersion = 10.0.40219.1
Project("{FAE04EC0-301F-11D3-BF4B-00C04F79EFBC}") = "MockAPI", "MockAPI.csproj", "{F5788280-EFFA-4859-92F2-A158E63A4FDD}"
EndProject
Global
	GlobalSection(SolutionConfigurationPlatforms) = preSolution
		Debug|Any CPU = Debug|Any CPU
		Release|Any CPU = Release|Any CPU
	EndGlobalSection
	GlobalSection(ProjectConfigurationPlatforms) = postSolution
		{F5788280-EFFA-4859-92F2-A158E63A4FDD}.Debug|Any CPU.ActiveCfg = Debug|Any CPU
		{F5788280-EFFA-4859-92F2-A158E63A4FDD}.Debug|Any CPU.Build.0 = Debug|Any CPU
		{F5788280-EFFA-4859-92F2-A158E63A4FDD}.Release|Any CPU.ActiveCfg = Release|Any CPU
		{F5788280-EFFA-4859-92F2-A158E63A4FDD}.Release|Any CPU.Build.0 = Release|Any CPU
	EndGlobalSection
	GlobalSection(SolutionProperties) = preSolution
		HideSolutionNode = FALSE
	EndGlobalSection
	GlobalSection(ExtensibilityGlobals) = postSolution
		SolutionGuid = {DBCC4F48-68E0-4438-A134-13F8878728C0}
	EndGlobalSection
EndGlobal
